<?xml version="1.0" encoding="utf-8"?>
<Project ToolsVersion="4.0" xmlns="http://schemas.microsoft.com/developer/msbuild/2003">
  <ItemGroup>
    <Filter Include="Исходные файлы">
      <UniqueIdentifier>{4FC737F1-C7A5-4376-A066-2A32D752A2FF}</UniqueIdentifier>
      <Extensions>cpp;c;cc;cxx;def;odl;idl;hpj;bat;asm;asmx</Extensions>
    </Filter>
    <Filter Include="Файлы заголовков">
      <UniqueIdentifier>{93995380-89BD-4b04-88EB-625FBE52EBFB}</UniqueIdentifier>
      <Extensions>h;hh;hpp;hxx;hm;inl;inc;ipp;xsd</Extensions>
    </Filter>
    <Filter Include="Файлы ресурсов">
      <UniqueIdentifier>{67DA6AB6-F800-4c08-8B7A-83BB121AAD01}</UniqueIdentifier>
      <Extensions>rc;ico;cur;bmp;dlg;rc2;rct;bin;rgs;gif;jpg;jpeg;jpe;resx;tiff;tif;png;wav;mfcribbon-ms</Extensions>
    </Filter>
    <Filter Include="Utils">
      <UniqueIdentifier>{9e84c959-7e2f-4b56-8ebc-ab9d5e86ed39}</UniqueIdentifier>
    </Filter>
    <Filter Include="GlowHack">
      <UniqueIdentifier>{5c51b6b1-8db5-4dec-b9ac-e13b221fa74c}</UniqueIdentifier>
    </Filter>
    <Filter Include="SDK">
      <UniqueIdentifier>{9118d872-dd10-4856-bf3a-9d271895505b}</UniqueIdentifier>
    </Filter>
    <Filter Include="Common">
      <UniqueIdentifier>{ea2dbb6a-526d-4d01-9afe-49f5580653ef}</UniqueIdentifier>
    </Filter>
    <Filter Include="Hooks">
      <UniqueIdentifier>{cf12d64b-2f67-4bab-bad2-ce57aaf9fb56}</UniqueIdentifier>
    </Filter>
  </ItemGroup>
  <ItemGroup>
    <ClCompile Include="L4DStools.cpp">
      <Filter>Исходные файлы</Filter>
    </ClCompile>
    <ClCompile Include="Utils\opcode_len_calc.cpp">
      <Filter>Utils</Filter>
    </ClCompile>
  </ItemGroup>
  <ItemGroup>
    <ClInclude Include="Utils\FindPattern.h">
      <Filter>Utils</Filter>
    </ClInclude>
    <ClInclude Include="Utils\opcode_len_calc.h">
      <Filter>Utils</Filter>
    </ClInclude>
    <ClInclude Include="Utils\XMemory.h">
      <Filter>Utils</Filter>
    </ClInclude>
    <ClInclude Include="Utils\virtuals.h">
      <Filter>Utils</Filter>
    </ClInclude>
    <ClInclude Include="Utils\vmthook.h">
      <Filter>Utils</Filter>
    </ClInclude>
    <ClInclude Include="Common\L4Dinterfaces.h">
      <Filter>Common</Filter>
    </ClInclude>
    <ClInclude Include="Common\SDKheaders.h">
      <Filter>Common</Filter>
    </ClInclude>
    <ClInclude Include="SDK\basetypes.h">
      <Filter>SDK</Filter>
    </ClInclude>
    <ClInclude Include="SDK\Color.h">
      <Filter>SDK</Filter>
    </ClInclude>
    <ClInclude Include="SDK\convar.h">
      <Filter>SDK</Filter>
    </ClInclude>
    <ClInclude Include="SDK\dbg.h">
      <Filter>SDK</Filter>
    </ClInclude>
    <ClInclude Include="SDK\dbgflag.h">
      <Filter>SDK</Filter>
    </ClInclude>
    <ClInclude Include="SDK\iclientmode.h">
      <Filter>SDK</Filter>
    </ClInclude>
    <ClInclude Include="SDK\iconvar.h">
      <Filter>SDK</Filter>
    </ClInclude>
    <ClInclude Include="SDK\icvar.h">
      <Filter>SDK</Filter>
    </ClInclude>
    <ClInclude Include="SDK\igameevents.h">
      <Filter>SDK</Filter>
    </ClInclude>
    <ClInclude Include="SDK\interface.h">
      <Filter>SDK</Filter>
    </ClInclude>
    <ClInclude Include="SDK\iserverplugin.h">
      <Filter>SDK</Filter>
    </ClInclude>
    <ClInclude Include="SDK\platform.h">
      <Filter>SDK</Filter>
    </ClInclude>
    <ClInclude Include="SDK\tier1.h">
      <Filter>SDK</Filter>
    </ClInclude>
    <ClInclude Include="SDK\tier2.h">
      <Filter>SDK</Filter>
    </ClInclude>
    <ClInclude Include="SDK\strtools.h">
      <Filter>SDK</Filter>
    </ClInclude>
    <ClInclude Include="SDK\vstdlib.h">
      <Filter>SDK</Filter>
    </ClInclude>
    <ClInclude Include="SDK\const.h">
      <Filter>SDK</Filter>
    </ClInclude>
    <ClInclude Include="SDK\vector2d.h">
      <Filter>SDK</Filter>
    </ClInclude>
    <ClInclude Include="SDK\vector.h">
      <Filter>SDK</Filter>
    </ClInclude>
    <ClInclude Include="SDK\vector4d.h">
      <Filter>SDK</Filter>
    </ClInclude>
    <ClInclude Include="SDK\icliententitylist.h">
      <Filter>SDK</Filter>
    </ClInclude>
    <ClInclude Include="SDK\icliententity.h">
      <Filter>SDK</Filter>
    </ClInclude>
    <ClInclude Include="SDK\iclientrenderable.h">
      <Filter>SDK</Filter>
    </ClInclude>
    <ClInclude Include="SDK\iclientnetworkable.h">
      <Filter>SDK</Filter>
    </ClInclude>
    <ClInclude Include="SDK\iclientthinkable.h">
      <Filter>SDK</Filter>
    </ClInclude>
    <ClInclude Include="SDK\iclientunknown.h">
      <Filter>SDK</Filter>
    </ClInclude>
    <ClInclude Include="SDK\ihandleentity.h">
      <Filter>SDK</Filter>
    </ClInclude>
    <ClInclude Include="SDK\client_render_handle.h">
      <Filter>SDK</Filter>
    </ClInclude>
    <ClInclude Include="SDK\ivmodelrender.h">
      <Filter>SDK</Filter>
    </ClInclude>
    <ClInclude Include="SDK\mathlib.h">
      <Filter>SDK</Filter>
    </ClInclude>
    <ClInclude Include="SDK\idatacache.h">
      <Filter>SDK</Filter>
    </ClInclude>
    <ClInclude Include="SDK\IAppSystem.h">
      <Filter>SDK</Filter>
    </ClInclude>
    <ClInclude Include="SDK\view_shared.h">
      <Filter>SDK</Filter>
    </ClInclude>
    <ClInclude Include="Hooks\L4DHooks.h">
      <Filter>Hooks</Filter>
    </ClInclude>
  </ItemGroup>
</Project>